// !$*UTF8*$!
{
	archiveVersion = 1;
	classes = {
	};
	objectVersion = 50;
	objects = {

/* Begin PBXBuildFile section */
		016EB3CD207E51E400AAC25B /* AppDelegate.m in Sources */ = {isa = PBXBuildFile; fileRef = 016EB3CC207E51E400AAC25B /* AppDelegate.m */; };
		016EB3D5207E51E400AAC25B /* Assets.xcassets in Resources */ = {isa = PBXBuildFile; fileRef = 016EB3D4207E51E400AAC25B /* Assets.xcassets */; };
		016EB3D8207E51E400AAC25B /* LaunchScreen.storyboard in Resources */ = {isa = PBXBuildFile; fileRef = 016EB3D6207E51E400AAC25B /* LaunchScreen.storyboard */; };
		016EB3DB207E51E500AAC25B /* main.m in Sources */ = {isa = PBXBuildFile; fileRef = 016EB3DA207E51E500AAC25B /* main.m */; };
		016EB3E5207E51E500AAC25B /* MessageForwardingDemoTests.m in Sources */ = {isa = PBXBuildFile; fileRef = 016EB3E4207E51E500AAC25B /* MessageForwardingDemoTests.m */; };
		016EB3F0207E51E500AAC25B /* MessageForwardingDemoUITests.m in Sources */ = {isa = PBXBuildFile; fileRef = 016EB3EF207E51E500AAC25B /* MessageForwardingDemoUITests.m */; };
		016EB402207E522800AAC25B /* DORootVC.m in Sources */ = {isa = PBXBuildFile; fileRef = 016EB401207E522800AAC25B /* DORootVC.m */; };
/* End PBXBuildFile section */

/* Begin PBXContainerItemProxy section */
		016EB3E1207E51E500AAC25B /* PBXContainerItemProxy */ = {
			isa = PBXContainerItemProxy;
			containerPortal = 016EB3C0207E51E400AAC25B /* Project object */;
			proxyType = 1;
			remoteGlobalIDString = 016EB3C7207E51E400AAC25B;
			remoteInfo = MessageForwardingDemo;
		};
		016EB3EC207E51E500AAC25B /* PBXContainerItemProxy */ = {
			isa = PBXContainerItemProxy;
			containerPortal = 016EB3C0207E51E400AAC25B /* Project object */;
			proxyType = 1;
			remoteGlobalIDString = 016EB3C7207E51E400AAC25B;
			remoteInfo = MessageForwardingDemo;
		};
/* End PBXContainerItemProxy section */

/* Begin PBXFileReference section */
		016EB3C8207E51E400AAC25B /* MessageForwardingDemo.app */ = {isa = PBXFileReference; explicitFileType = wrapper.application; includeInIndex = 0; path = MessageForwardingDemo.app; sourceTree = BUILT_PRODUCTS_DIR; };
		016EB3CB207E51E400AAC25B /* AppDelegate.h */ = {isa = PBXFileReference; lastKnownFileType = sourcecode.c.h; path = AppDelegate.h; sourceTree = "<group>"; };
		016EB3CC207E51E400AAC25B /* AppDelegate.m */ = {isa = PBXFileReference; lastKnownFileType = sourcecode.c.objc; path = AppDelegate.m; sourceTree = "<group>"; };
		016EB3D4207E51E400AAC25B /* Assets.xcassets */ = {isa = PBXFileReference; lastKnownFileType = folder.assetcatalog; path = Assets.xcassets; sourceTree = "<group>"; };
		016EB3D7207E51E400AAC25B /* Base */ = {isa = PBXFileReference; lastKnownFileType = file.storyboard; name = Base; path = Base.lproj/LaunchScreen.storyboard; sourceTree = "<group>"; };
		016EB3D9207E51E500AAC25B /* Info.plist */ = {isa = PBXFileReference; lastKnownFileType = text.plist.xml; path = Info.plist; sourceTree = "<group>"; };
		016EB3DA207E51E500AAC25B /* main.m */ = {isa = PBXFileReference; lastKnownFileType = sourcecode.c.objc; path = main.m; sourceTree = "<group>"; };
		016EB3E0207E51E500AAC25B /* MessageForwardingDemoTests.xctest */ = {isa = PBXFileReference; explicitFileType = wrapper.cfbundle; includeInIndex = 0; path = MessageForwardingDemoTests.xctest; sourceTree = BUILT_PRODUCTS_DIR; };
		016EB3E4207E51E500AAC25B /* MessageForwardingDemoTests.m */ = {isa = PBXFileReference; lastKnownFileType = sourcecode.c.objc; path = MessageForwardingDemoTests.m; sourceTree = "<group>"; };
		016EB3E6207E51E500AAC25B /* Info.plist */ = {isa = PBXFileReference; lastKnownFileType = text.plist.xml; path = Info.plist; sourceTree = "<group>"; };
		016EB3EB207E51E500AAC25B /* MessageForwardingDemoUITests.xctest */ = {isa = PBXFileReference; explicitFileType = wrapper.cfbundle; includeInIndex = 0; path = MessageForwardingDemoUITests.xctest; sourceTree = BUILT_PRODUCTS_DIR; };
		016EB3EF207E51E500AAC25B /* MessageForwardingDemoUITests.m */ = {isa = PBXFileReference; lastKnownFileType = sourcecode.c.objc; path = MessageForwardingDemoUITests.m; sourceTree = "<group>"; };
		016EB3F1207E51E500AAC25B /* Info.plist */ = {isa = PBXFileReference; lastKnownFileType = text.plist.xml; path = Info.plist; sourceTree = "<group>"; };
		016EB400207E522800AAC25B /* DORootVC.h */ = {isa = PBXFileReference; lastKnownFileType = sourcecode.c.h; path = DORootVC.h; sourceTree = "<group>"; };
		016EB401207E522800AAC25B /* DORootVC.m */ = {isa = PBXFileReference; lastKnownFileType = sourcecode.c.objc; path = DORootVC.m; sourceTree = "<group>"; };
/* End PBXFileReference section */

/* Begin PBXFrameworksBuildPhase section */
		016EB3C5207E51E400AAC25B /* Frameworks */ = {
			isa = PBXFrameworksBuildPhase;
			buildActionMask = 2147483647;
			files = (
			);
			runOnlyForDeploymentPostprocessing = 0;
		};
		016EB3DD207E51E500AAC25B /* Frameworks */ = {
			isa = PBXFrameworksBuildPhase;
			buildActionMask = 2147483647;
			files = (
			);
			runOnlyForDeploymentPostprocessing = 0;
		};
		016EB3E8207E51E500AAC25B /* Frameworks */ = {
			isa = PBXFrameworksBuildPhase;
			buildActionMask = 2147483647;
			files = (
			);
			runOnlyForDeploymentPostprocessing = 0;
		};
/* End PBXFrameworksBuildPhase section */

/* Begin PBXGroup section */
		016EB3BF207E51E400AAC25B = {
			isa = PBXGroup;
			children = (
				016EB3CA207E51E400AAC25B /* MessageForwardingDemo */,
				016EB3E3207E51E500AAC25B /* MessageForwardingDemoTests */,
				016EB3EE207E51E500AAC25B /* MessageForwardingDemoUITests */,
				016EB3C9207E51E400AAC25B /* Products */,
			);
			sourceTree = "<group>";
		};
		016EB3C9207E51E400AAC25B /* Products */ = {
			isa = PBXGroup;
			children = (
				016EB3C8207E51E400AAC25B /* MessageForwardingDemo.app */,
				016EB3E0207E51E500AAC25B /* MessageForwardingDemoTests.xctest */,
				016EB3EB207E51E500AAC25B /* MessageForwardingDemoUITests.xctest */,
			);
			name = Products;
			sourceTree = "<group>";
		};
		016EB3CA207E51E400AAC25B /* MessageForwardingDemo */ = {
			isa = PBXGroup;
			children = (
				016EB3FF207E51FA00AAC25B /* Controller */,
				016EB3FE207E51F300AAC25B /* Bases */,
				016EB3FD207E51EC00AAC25B /* Resources */,
			);
			path = MessageForwardingDemo;
			sourceTree = "<group>";
		};
		016EB3E3207E51E500AAC25B /* MessageForwardingDemoTests */ = {
			isa = PBXGroup;
			children = (
				016EB3E4207E51E500AAC25B /* MessageForwardingDemoTests.m */,
				016EB3E6207E51E500AAC25B /* Info.plist */,
			);
			path = MessageForwardingDemoTests;
			sourceTree = "<group>";
		};
		016EB3EE207E51E500AAC25B /* MessageForwardingDemoUITests */ = {
			isa = PBXGroup;
			children = (
				016EB3EF207E51E500AAC25B /* MessageForwardingDemoUITests.m */,
				016EB3F1207E51E500AAC25B /* Info.plist */,
			);
			path = MessageForwardingDemoUITests;
			sourceTree = "<group>";
		};
		016EB3FD207E51EC00AAC25B /* Resources */ = {
			isa = PBXGroup;
			children = (
				016EB3D4207E51E400AAC25B /* Assets.xcassets */,
				016EB3D6207E51E400AAC25B /* LaunchScreen.storyboard */,
				016EB3D9207E51E500AAC25B /* Info.plist */,
				016EB3DA207E51E500AAC25B /* main.m */,
			);
			path = Resources;
			sourceTree = "<group>";
		};
		016EB3FE207E51F300AAC25B /* Bases */ = {
			isa = PBXGroup;
			children = (
				016EB3CB207E51E400AAC25B /* AppDelegate.h */,
				016EB3CC207E51E400AAC25B /* AppDelegate.m */,
			);
			path = Bases;
			sourceTree = "<group>";
		};
		016EB3FF207E51FA00AAC25B /* Controller */ = {
			isa = PBXGroup;
			children = (
				016EB400207E522800AAC25B /* DORootVC.h */,
				016EB401207E522800AAC25B /* DORootVC.m */,
			);
			path = Controller;
			sourceTree = "<group>";
		};
/* End PBXGroup section */

/* Begin PBXNativeTarget section */
		016EB3C7207E51E400AAC25B /* MessageForwardingDemo */ = {
			isa = PBXNativeTarget;
			buildConfigurationList = 016EB3F4207E51E500AAC25B /* Build configuration list for PBXNativeTarget "MessageForwardingDemo" */;
			buildPhases = (
				016EB3C4207E51E400AAC25B /* Sources */,
				016EB3C5207E51E400AAC25B /* Frameworks */,
				016EB3C6207E51E400AAC25B /* Resources */,
			);
			buildRules = (
			);
			dependencies = (
			);
			name = MessageForwardingDemo;
			productName = MessageForwardingDemo;
			productReference = 016EB3C8207E51E400AAC25B /* MessageForwardingDemo.app */;
			productType = "com.apple.product-type.application";
		};
		016EB3DF207E51E500AAC25B /* MessageForwardingDemoTests */ = {
			isa = PBXNativeTarget;
			buildConfigurationList = 016EB3F7207E51E500AAC25B /* Build configuration list for PBXNativeTarget "MessageForwardingDemoTests" */;
			buildPhases = (
				016EB3DC207E51E500AAC25B /* Sources */,
				016EB3DD207E51E500AAC25B /* Frameworks */,
				016EB3DE207E51E500AAC25B /* Resources */,
			);
			buildRules = (
			);
			dependencies = (
				016EB3E2207E51E500AAC25B /* PBXTargetDependency */,
			);
			name = MessageForwardingDemoTests;
			productName = MessageForwardingDemoTests;
			productReference = 016EB3E0207E51E500AAC25B /* MessageForwardingDemoTests.xctest */;
			productType = "com.apple.product-type.bundle.unit-test";
		};
		016EB3EA207E51E500AAC25B /* MessageForwardingDemoUITests */ = {
			isa = PBXNativeTarget;
			buildConfigurationList = 016EB3FA207E51E500AAC25B /* Build configuration list for PBXNativeTarget "MessageForwardingDemoUITests" */;
			buildPhases = (
				016EB3E7207E51E500AAC25B /* Sources */,
				016EB3E8207E51E500AAC25B /* Frameworks */,
				016EB3E9207E51E500AAC25B /* Resources */,
			);
			buildRules = (
			);
			dependencies = (
				016EB3ED207E51E500AAC25B /* PBXTargetDependency */,
			);
			name = MessageForwardingDemoUITests;
			productName = MessageForwardingDemoUITests;
			productReference = 016EB3EB207E51E500AAC25B /* MessageForwardingDemoUITests.xctest */;
			productType = "com.apple.product-type.bundle.ui-testing";
		};
/* End PBXNativeTarget section */

/* Begin PBXProject section */
		016EB3C0207E51E400AAC25B /* Project object */ = {
			isa = PBXProject;
			attributes = {
				LastUpgradeCheck = 0930;
				ORGANIZATIONNAME = Dino;
				TargetAttributes = {
					016EB3C7207E51E400AAC25B = {
						CreatedOnToolsVersion = 9.3;
					};
					016EB3DF207E51E500AAC25B = {
						CreatedOnToolsVersion = 9.3;
						TestTargetID = 016EB3C7207E51E400AAC25B;
					};
					016EB3EA207E51E500AAC25B = {
						CreatedOnToolsVersion = 9.3;
						TestTargetID = 016EB3C7207E51E400AAC25B;
					};
				};
			};
			buildConfigurationList = 016EB3C3207E51E400AAC25B /* Build configuration list for PBXProject "MessageForwardingDemo" */;
			compatibilityVersion = "Xcode 9.3";
			developmentRegion = en;
			hasScannedForEncodings = 0;
			knownRegions = (
				en,
				Base,
			);
			mainGroup = 016EB3BF207E51E400AAC25B;
			productRefGroup = 016EB3C9207E51E400AAC25B /* Products */;
			projectDirPath = "";
			projectRoot = "";
			targets = (
				016EB3C7207E51E400AAC25B /* MessageForwardingDemo */,
				016EB3DF207E51E500AAC25B /* MessageForwardingDemoTests */,
				016EB3EA207E51E500AAC25B /* MessageForwardingDemoUITests */,
			);
		};
/* End PBXProject section */

/* Begin PBXResourcesBuildPhase section */
		016EB3C6207E51E400AAC25B /* Resources */ = {
			isa = PBXResourcesBuildPhase;
			buildActionMask = 2147483647;
			files = (
				016EB3D8207E51E400AAC25B /* LaunchScreen.storyboard in Resources */,
				016EB3D5207E51E400AAC25B /* Assets.xcassets in Resources */,
			);
			runOnlyForDeploymentPostprocessing = 0;
		};
		016EB3DE207E51E500AAC25B /* Resources */ = {
			isa = PBXResourcesBuildPhase;
			buildActionMask = 2147483647;
			files = (
			);
			runOnlyForDeploymentPostprocessing = 0;
		};
		016EB3E9207E51E500AAC25B /* Resources */ = {
			isa = PBXResourcesBuildPhase;
			buildActionMask = 2147483647;
			files = (
			);
			runOnlyForDeploymentPostprocessing = 0;
		};
/* End PBXResourcesBuildPhase section */

/* Begin PBXSourcesBuildPhase section */
		016EB3C4207E51E400AAC25B /* Sources */ = {
			isa = PBXSourcesBuildPhase;
			buildActionMask = 2147483647;
			files = (
				016EB402207E522800AAC25B /* DORootVC.m in Sources */,
				016EB3DB207E51E500AAC25B /* main.m in Sources */,
				016EB3CD207E51E400AAC25B /* AppDelegate.m in Sources */,
			);
			runOnlyForDeploymentPostprocessing = 0;
		};
		016EB3DC207E51E500AAC25B /* Sources */ = {
			isa = PBXSourcesBuildPhase;
			buildActionMask = 2147483647;
			files = (
				016EB3E5207E51E500AAC25B /* MessageForwardingDemoTests.m in Sources */,
			);
			runOnlyForDeploymentPostprocessing = 0;
		};
		016EB3E7207E51E500AAC25B /* Sources */ = {
			isa = PBXSourcesBuildPhase;
			buildActionMask = 2147483647;
			files = (
				016EB3F0207E51E500AAC25B /* MessageForwardingDemoUITests.m in Sources */,
			);
			runOnlyForDeploymentPostprocessing = 0;
		};
/* End PBXSourcesBuildPhase section */

/* Begin PBXTargetDependency section */
		016EB3E2207E51E500AAC25B /* PBXTargetDependency */ = {
			isa = PBXTargetDependency;
			target = 016EB3C7207E51E400AAC25B /* MessageForwardingDemo */;
			targetProxy = 016EB3E1207E51E500AAC25B /* PBXContainerItemProxy */;
		};
		016EB3ED207E51E500AAC25B /* PBXTargetDependency */ = {
			isa = PBXTargetDependency;
			target = 016EB3C7207E51E400AAC25B /* MessageForwardingDemo */;
			targetProxy = 016EB3EC207E51E500AAC25B /* PBXContainerItemProxy */;
		};
/* End PBXTargetDependency section */

/* Begin PBXVariantGroup section */
		016EB3D6207E51E400AAC25B /* LaunchScreen.storyboard */ = {
			isa = PBXVariantGroup;
			children = (
				016EB3D7207E51E400AAC25B /* Base */,
			);
			name = LaunchScreen.storyboard;
			sourceTree = "<group>";
		};
/* End PBXVariantGroup section */

/* Begin XCBuildConfiguration section */
		016EB3F2207E51E500AAC25B /* Debug */ = {
			isa = XCBuildConfiguration;
			buildSettings = {
				ALWAYS_SEARCH_USER_PATHS = NO;
				CLANG_ANALYZER_NONNULL = YES;
				CLANG_ANALYZER_NUMBER_OBJECT_CONVERSION = YES_AGGRESSIVE;
				CLANG_CXX_LANGUAGE_STANDARD = "gnu++14";
				CLANG_CXX_LIBRARY = "libc++";
				CLANG_ENABLE_MODULES = YES;
				CLANG_ENABLE_OBJC_ARC = YES;
				CLANG_ENABLE_OBJC_WEAK = YES;
				CLANG_WARN_BLOCK_CAPTURE_AUTORELEASING = YES;
				CLANG_WARN_BOOL_CONVERSION = YES;
				CLANG_WARN_COMMA = YES;
				CLANG_WARN_CONSTANT_CONVERSION = YES;
				CLANG_WARN_DEPRECATED_OBJC_IMPLEMENTATIONS = YES;
				CLANG_WARN_DIRECT_OBJC_ISA_USAGE = YES_ERROR;
				CLANG_WARN_DOCUMENTATION_COMMENTS = YES;
				CLANG_WARN_EMPTY_BODY = YES;
				CLANG_WARN_ENUM_CONVERSION = YES;
				CLANG_WARN_INFINITE_RECURSION = YES;
				CLANG_WARN_INT_CONVERSION = YES;
				CLANG_WARN_NON_LITERAL_NULL_CONVERSION = YES;
				CLANG_WARN_OBJC_IMPLICIT_RETAIN_SELF = YES;
				CLANG_WARN_OBJC_LITERAL_CONVERSION = YES;
				CLANG_WARN_OBJC_ROOT_CLASS = YES_ERROR;
				CLANG_WARN_RANGE_LOOP_ANALYSIS = YES;
				CLANG_WARN_STRICT_PROTOTYPES = YES;
				CLANG_WARN_SUSPICIOUS_MOVE = YES;
				CLANG_WARN_UNGUARDED_AVAILABILITY = YES_AGGRESSIVE;
				CLANG_WARN_UNREACHABLE_CODE = YES;
				CLANG_WARN__DUPLICATE_METHOD_MATCH = YES;
				CODE_SIGN_IDENTITY = "iPhone Developer";
				COPY_PHASE_STRIP = NO;
				DEBUG_INFORMATION_FORMAT = dwarf;
				ENABLE_STRICT_OBJC_MSGSEND = YES;
				ENABLE_TESTABILITY = YES;
				GCC_C_LANGUAGE_STANDARD = gnu11;
				GCC_DYNAMIC_NO_PIC = NO;
				GCC_NO_COMMON_BLOCKS = YES;
				GCC_OPTIMIZATION_LEVEL = 0;
				GCC_PREPROCESSOR_DEFINITIONS = (
					"DEBUG=1",
					"$(inherited)",
				);
				GCC_WARN_64_TO_32_BIT_CONVERSION = YES;
				GCC_WARN_ABOUT_RETURN_TYPE = YES_ERROR;
				GCC_WARN_UNDECLARED_SELECTOR = YES;
				GCC_WARN_UNINITIALIZED_AUTOS = YES_AGGRESSIVE;
				GCC_WARN_UNUSED_FUNCTION = YES;
				GCC_WARN_UNUSED_VARIABLE = YES;
				IPHONEOS_DEPLOYMENT_TARGET = 11.3;
				MTL_ENABLE_DEBUG_INFO = YES;
				ONLY_ACTIVE_ARCH = YES;
				SDKROOT = iphoneos;
			};
			name = Debug;
		};
		016EB3F3207E51E500AAC25B /* Release */ = {
			isa = XCBuildConfiguration;
			buildSettings = {
				ALWAYS_SEARCH_USER_PATHS = NO;
				CLANG_ANALYZER_NONNULL = YES;
				CLANG_ANALYZER_NUMBER_OBJECT_CONVERSION = YES_AGGRESSIVE;
				CLANG_CXX_LANGUAGE_STANDARD = "gnu++14";
				CLANG_CXX_LIBRARY = "libc++";
				CLANG_ENABLE_MODULES = YES;
				CLANG_ENABLE_OBJC_ARC = YES;
				CLANG_ENABLE_OBJC_WEAK = YES;
				CLANG_WARN_BLOCK_CAPTURE_AUTORELEASING = YES;
				CLANG_WARN_BOOL_CONVERSION = YES;
				CLANG_WARN_COMMA = YES;
				CLANG_WARN_CONSTANT_CONVERSION = YES;
				CLANG_WARN_DEPRECATED_OBJC_IMPLEMENTATIONS = YES;
				CLANG_WARN_DIRECT_OBJC_ISA_USAGE = YES_ERROR;
				CLANG_WARN_DOCUMENTATION_COMMENTS = YES;
				CLANG_WARN_EMPTY_BODY = YES;
				CLANG_WARN_ENUM_CONVERSION = YES;
				CLANG_WARN_INFINITE_RECURSION = YES;
				CLANG_WARN_INT_CONVERSION = YES;
				CLANG_WARN_NON_LITERAL_NULL_CONVERSION = YES;
				CLANG_WARN_OBJC_IMPLICIT_RETAIN_SELF = YES;
				CLANG_WARN_OBJC_LITERAL_CONVERSION = YES;
				CLANG_WARN_OBJC_ROOT_CLASS = YES_ERROR;
				CLANG_WARN_RANGE_LOOP_ANALYSIS = YES;
				CLANG_WARN_STRICT_PROTOTYPES = YES;
				CLANG_WARN_SUSPICIOUS_MOVE = YES;
				CLANG_WARN_UNGUARDED_AVAILABILITY = YES_AGGRESSIVE;
				CLANG_WARN_UNREACHABLE_CODE = YES;
				CLANG_WARN__DUPLICATE_METHOD_MATCH = YES;
				CODE_SIGN_IDENTITY = "iPhone Developer";
				COPY_PHASE_STRIP = NO;
				DEBUG_INFORMATION_FORMAT = "dwarf-with-dsym";
				ENABLE_NS_ASSERTIONS = NO;
				ENABLE_STRICT_OBJC_MSGSEND = YES;
				GCC_C_LANGUAGE_STANDARD = gnu11;
				GCC_NO_COMMON_BLOCKS = YES;
				GCC_WARN_64_TO_32_BIT_CONVERSION = YES;
				GCC_WARN_ABOUT_RETURN_TYPE = YES_ERROR;
				GCC_WARN_UNDECLARED_SELECTOR = YES;
				GCC_WARN_UNINITIALIZED_AUTOS = YES_AGGRESSIVE;
				GCC_WARN_UNUSED_FUNCTION = YES;
				GCC_WARN_UNUSED_VARIABLE = YES;
				IPHONEOS_DEPLOYMENT_TARGET = 11.3;
				MTL_ENABLE_DEBUG_INFO = NO;
				SDKROOT = iphoneos;
				VALIDATE_PRODUCT = YES;
			};
			name = Release;
		};
		016EB3F5207E51E500AAC25B /* Debug */ = {
			isa = XCBuildConfiguration;
			buildSettings = {
				ASSETCATALOG_COMPILER_APPICON_NAME = AppIcon;
				CODE_SIGN_STYLE = Automatic;
				INFOPLIST_FILE = "$(SRCROOT)/MessageForwardingDemo/Resources/Info.plist";
				LD_RUNPATH_SEARCH_PATHS = (
					"$(inherited)",
					"@executable_path/Frameworks",
				);
				PRODUCT_BUNDLE_IDENTIFIER = com.Dino.MessageForwardingDemo;
				PRODUCT_NAME = "$(TARGET_NAME)";
				TARGETED_DEVICE_FAMILY = "1,2";
			};
			name = Debug;
		};
		016EB3F6207E51E500AAC25B /* Release */ = {
			isa = XCBuildConfiguration;
			buildSettings = {
				ASSETCATALOG_COMPILER_APPICON_NAME = AppIcon;
				CODE_SIGN_STYLE = Automatic;
				INFOPLIST_FILE = "$(SRCROOT)/MessageForwardingDemo/Resources/Info.plist";
				LD_RUNPATH_SEARCH_PATHS = (
					"$(inherited)",
					"@executable_path/Frameworks",
				);
				PRODUCT_BUNDLE_IDENTIFIER = com.Dino.MessageForwardingDemo;
				PRODUCT_NAME = "$(TARGET_NAME)";
				TARGETED_DEVICE_FAMILY = "1,2";
			};
			name = Release;
		};
		016EB3F8207E51E500AAC25B /* Debug */ = {
			isa = XCBuildConfiguration;
			buildSettings = {
				BUNDLE_LOADER = "$(TEST_HOST)";
				CODE_SIGN_STYLE = Automatic;
				INFOPLIST_FILE = MessageForwardingDemoTests/Info.plist;
				LD_RUNPATH_SEARCH_PATHS = (
					"$(inherited)",
					"@executable_path/Frameworks",
					"@loader_path/Frameworks",
				);
				PRODUCT_BUNDLE_IDENTIFIER = com.Dino.MessageForwardingDemoTests;
				PRODUCT_NAME = "$(TARGET_NAME)";
				TARGETED_DEVICE_FAMILY = "1,2";
				TEST_HOST = "$(BUILT_PRODUCTS_DIR)/MessageForwardingDemo.app/MessageForwardingDemo";
			};
			name = Debug;
		};
		016EB3F9207E51E500AAC25B /* Release */ = {
			isa = XCBuildConfiguration;
			buildSettings = {
				BUNDLE_LOADER = "$(TEST_HOST)";
				CODE_SIGN_STYLE = Automatic;
				INFOPLIST_FILE = MessageForwardingDemoTests/Info.plist;
				LD_RUNPATH_SEARCH_PATHS = (
					"$(inherited)",
					"@executable_path/Frameworks",
					"@loader_path/Frameworks",
				);
				PRODUCT_BUNDLE_IDENTIFIER = com.Dino.MessageForwardingDemoTests;
				PRODUCT_NAME = "$(TARGET_NAME)";
				TARGETED_DEVICE_FAMILY = "1,2";
				TEST_HOST = "$(BUILT_PRODUCTS_DIR)/MessageForwardingDemo.app/MessageForwardingDemo";
			};
			name = Release;
		};
		016EB3FB207E51E500AAC25B /* Debug */ = {
			isa = XCBuildConfiguration;
			buildSettings = {
				CODE_SIGN_STYLE = Automatic;
				INFOPLIST_FILE = MessageForwardingDemoUITests/Info.plist;
				LD_RUNPATH_SEARCH_PATHS = (
					"$(inherited)",
					"@executable_path/Frameworks",
					"@loader_path/Frameworks",
				);
				PRODUCT_BUNDLE_IDENTIFIER = com.Dino.MessageForwardingDemoUITests;
				PRODUCT_NAME = "$(TARGET_NAME)";
				TARGETED_DEVICE_FAMILY = "1,2";
				TEST_TARGET_NAME = MessageForwardingDemo;
			};
			name = Debug;
		};
		016EB3FC207E51E500AAC25B /* Release */ = {
			isa = XCBuildConfiguration;
			buildSettings = {
				CODE_SIGN_STYLE = Automatic;
				INFOPLIST_FILE = MessageForwardingDemoUITests/Info.plist;
				LD_RUNPATH_SEARCH_PATHS = (
					"$(inherited)",
					"@executable_path/Frameworks",
					"@loader_path/Frameworks",
				);
				PRODUCT_BUNDLE_IDENTIFIER = com.Dino.MessageForwardingDemoUITests;
				PRODUCT_NAME = "$(TARGET_NAME)";
				TARGETED_DEVICE_FAMILY = "1,2";
				TEST_TARGET_NAME = MessageForwardingDemo;
			};
			name = Release;
		};
/* End XCBuildConfiguration section */

/* Begin XCConfigurationList section */
		016EB3C3207E51E400AAC25B /* Build configuration list for PBXProject "MessageForwardingDemo" */ = {
			isa = XCConfigurationList;
			buildConfigurations = (
				016EB3F2207E51E500AAC25B /* Debug */,
				016EB3F3207E51E500AAC25B /* Release */,
			);
			defaultConfigurationIsVisible = 0;
			defaultConfigurationName = Release;
		};
		016EB3F4207E51E500AAC25B /* Build configuration list for PBXNativeTarget "MessageForwardingDemo" */ = {
			isa = XCConfigurationList;
			buildConfigurations = (
				016EB3F5207E51E500AAC25B /* Debug */,
				016EB3F6207E51E500AAC25B /* Release */,
			);
			defaultConfigurationIsVisible = 0;
			defaultConfigurationName = Release;
		};
		016EB3F7207E51E500AAC25B /* Build configuration list for PBXNativeTarget "MessageForwardingDemoTests" */ = {
			isa = XCConfigurationList;
			buildConfigurations = (
				016EB3F8207E51E500AAC25B /* Debug */,
				016EB3F9207E51E500AAC25B /* Release */,
			);
			defaultConfigurationIsVisible = 0;
			defaultConfigurationName = Release;
		};
		016EB3FA207E51E500AAC25B /* Build configuration list for PBXNativeTarget "MessageForwardingDemoUITests" */ = {
			isa = XCConfigurationList;
			buildConfigurations = (
				016EB3FB207E51E500AAC25B /* Debug */,
				016EB3FC207E51E500AAC25B /* Release */,
			);
			defaultConfigurationIsVisible = 0;
			defaultConfigurationName = Release;
		};
/* End XCConfigurationList section */
	};
	rootObject = 016EB3C0207E51E400AAC25B /* Project object */;
}
